
Microsoft Visual Studio Solution File, Format Version 12.00
# Visual Studio Version 17
VisualStudioVersion = 17.1.32407.343
MinimumVisualStudioVersion = 10.0.40219.1
Project("{9A19103F-16F7-4668-BE54-9A1E7A4F7556}") = "Arrays", "src\Arrays\Arrays.csproj", "{966E4212-EE55-4972-AF84-8F912B8356A0}"
EndProject
Project("{9A19103F-16F7-4668-BE54-9A1E7A4F7556}") = "AlgorithmsVisualize", "src\AlgorithmsVisualize\AlgorithmsVisualize.csproj", "{811D8EC9-9EB0-4C5C-A59D-76D200AC63A1}"
EndProject
Project("{9A19103F-16F7-4668-BE54-9A1E7A4F7556}") = "ArrayTests", "tests\ArrayTests\ArrayTests.csproj", "{022C3AFD-EEEC-453B-A06C-CDCC76373191}"
EndProject
Project("{2150E333-8FDC-42A3-9474-1A3956D46DE8}") = "Tests", "Tests", "{577DB493-0ECF-4243-83C3-10C8DDDA3428}"
EndProject
Global
	GlobalSection(SolutionConfigurationPlatforms) = preSolution
		Debug|Any CPU = Debug|Any CPU
		Release|Any CPU = Release|Any CPU
	EndGlobalSection
	GlobalSection(ProjectConfigurationPlatforms) = postSolution
		{966E4212-EE55-4972-AF84-8F912B8356A0}.Debug|Any CPU.ActiveCfg = Debug|Any CPU
		{966E4212-EE55-4972-AF84-8F912B8356A0}.Debug|Any CPU.Build.0 = Debug|Any CPU
		{966E4212-EE55-4972-AF84-8F912B8356A0}.Release|Any CPU.ActiveCfg = Release|Any CPU
		{966E4212-EE55-4972-AF84-8F912B8356A0}.Release|Any CPU.Build.0 = Release|Any CPU
		{811D8EC9-9EB0-4C5C-A59D-76D200AC63A1}.Debug|Any CPU.ActiveCfg = Debug|Any CPU
		{811D8EC9-9EB0-4C5C-A59D-76D200AC63A1}.Debug|Any CPU.Build.0 = Debug|Any CPU
		{811D8EC9-9EB0-4C5C-A59D-76D200AC63A1}.Release|Any CPU.ActiveCfg = Release|Any CPU
		{811D8EC9-9EB0-4C5C-A59D-76D200AC63A1}.Release|Any CPU.Build.0 = Release|Any CPU
		{022C3AFD-EEEC-453B-A06C-CDCC76373191}.Debug|Any CPU.ActiveCfg = Debug|Any CPU
		{022C3AFD-EEEC-453B-A06C-CDCC76373191}.Debug|Any CPU.Build.0 = Debug|Any CPU
		{022C3AFD-EEEC-453B-A06C-CDCC76373191}.Release|Any CPU.ActiveCfg = Release|Any CPU
		{022C3AFD-EEEC-453B-A06C-CDCC76373191}.Release|Any CPU.Build.0 = Release|Any CPU
	EndGlobalSection
	GlobalSection(SolutionProperties) = preSolution
		HideSolutionNode = FALSE
	EndGlobalSection
	GlobalSection(NestedProjects) = preSolution
		{022C3AFD-EEEC-453B-A06C-CDCC76373191} = {577DB493-0ECF-4243-83C3-10C8DDDA3428}
	EndGlobalSection
	GlobalSection(ExtensibilityGlobals) = postSolution
		SolutionGuid = {7A2455C4-10C0-4073-BB0C-26217B985CCE}
	EndGlobalSection
EndGlobal
